// !$*UTF8*$!
{
	archiveVersion = 1;
	classes = {
	};
	objectVersion = 46;
	objects = {

/* Begin PBXBuildFile section */
		991337F71C2A4B8D005483F4 /* QXBaseTableViewController.m in Sources */ = {isa = PBXBuildFile; fileRef = 991337F61C2A4B8D005483F4 /* QXBaseTableViewController.m */; };
		991337FB1C2A509B005483F4 /* UIImage+Utils.m in Sources */ = {isa = PBXBuildFile; fileRef = 991337FA1C2A509B005483F4 /* UIImage+Utils.m */; };
		9913381B1C2A56FA005483F4 /* QXGoodsMainCell.m in Sources */ = {isa = PBXBuildFile; fileRef = 9913381A1C2A56FA005483F4 /* QXGoodsMainCell.m */; };
		991338201C2A6E4B005483F4 /* QXImageCache.m in Sources */ = {isa = PBXBuildFile; fileRef = 9913381F1C2A6E4B005483F4 /* QXImageCache.m */; };
		991338241C2A78DD005483F4 /* QXImageCompressUtil.m in Sources */ = {isa = PBXBuildFile; fileRef = 991338231C2A78DD005483F4 /* QXImageCompressUtil.m */; };
		9913384B1C2A9D1F005483F4 /* QXBaseViewController.m in Sources */ = {isa = PBXBuildFile; fileRef = 9913384A1C2A9D1F005483F4 /* QXBaseViewController.m */; };
		9913384E1C2A9E62005483F4 /* QXShareViewController.m in Sources */ = {isa = PBXBuildFile; fileRef = 9913384D1C2A9E62005483F4 /* QXShareViewController.m */; };
		9920FFDC1C2F00BC004AAD89 /* NSDate+Utils.m in Sources */ = {isa = PBXBuildFile; fileRef = 9920FFDB1C2F00BC004AAD89 /* NSDate+Utils.m */; };
		9926C9C41C31AAA00071F125 /* QXOrderDetailMoreView.m in Sources */ = {isa = PBXBuildFile; fileRef = 9926C9C31C31AAA00071F125 /* QXOrderDetailMoreView.m */; };
		992ED6CE1C30E9C100D97A53 /* QXOrderFooterView.m in Sources */ = {isa = PBXBuildFile; fileRef = 992ED6C71C30E9C100D97A53 /* QXOrderFooterView.m */; };
		992ED6CF1C30E9C100D97A53 /* QXOrderHeaderView.m in Sources */ = {isa = PBXBuildFile; fileRef = 992ED6C91C30E9C100D97A53 /* QXOrderHeaderView.m */; };
		992ED6D01C30E9C100D97A53 /* QXOrderMainCell.m in Sources */ = {isa = PBXBuildFile; fileRef = 992ED6CB1C30E9C100D97A53 /* QXOrderMainCell.m */; };
		992ED6D11C30E9C100D97A53 /* QXOrderMainViewController.m in Sources */ = {isa = PBXBuildFile; fileRef = 992ED6CD1C30E9C100D97A53 /* QXOrderMainViewController.m */; };
		992ED6D41C30EAB700D97A53 /* QXOrderDetailViewController.m in Sources */ = {isa = PBXBuildFile; fileRef = 992ED6D31C30EAB700D97A53 /* QXOrderDetailViewController.m */; };
		992ED6D71C30F1FA00D97A53 /* QXOrderDetailHeadView.m in Sources */ = {isa = PBXBuildFile; fileRef = 992ED6D61C30F1FA00D97A53 /* QXOrderDetailHeadView.m */; };
		992ED6D91C3109C100D97A53 /* QXOrderDetailHeadView.xib in Resources */ = {isa = PBXBuildFile; fileRef = 992ED6D81C3109C100D97A53 /* QXOrderDetailHeadView.xib */; };
		992ED6DD1C312DEA00D97A53 /* QXOrderDetailFooterView.m in Sources */ = {isa = PBXBuildFile; fileRef = 992ED6DC1C312DEA00D97A53 /* QXOrderDetailFooterView.m */; };
		992ED6DF1C312E1500D97A53 /* QXOrderDetailFooterView.xib in Resources */ = {isa = PBXBuildFile; fileRef = 992ED6DE1C312E1500D97A53 /* QXOrderDetailFooterView.xib */; };
		992ED6E21C313EF700D97A53 /* QXOrderDetailCell.m in Sources */ = {isa = PBXBuildFile; fileRef = 992ED6E11C313EF700D97A53 /* QXOrderDetailCell.m */; };
		994F53411C36F57700F78062 /* QXScanCodeViewController.m in Sources */ = {isa = PBXBuildFile; fileRef = 994F53401C36F57700F78062 /* QXScanCodeViewController.m */; };
		994F53431C36F58400F78062 /* AVFoundation.framework in Frameworks */ = {isa = PBXBuildFile; fileRef = 994F53421C36F58400F78062 /* AVFoundation.framework */; };
		994F534A1C36FF4700F78062 /* Assets.xcassets in Resources */ = {isa = PBXBuildFile; fileRef = 994F53471C36FF4700F78062 /* Assets.xcassets */; };
		994F534B1C36FF4700F78062 /* scan.wav in Resources */ = {isa = PBXBuildFile; fileRef = 994F53491C36FF4700F78062 /* scan.wav */; };
		995373971C2C45D50026119A /* QXOrderModel.m in Sources */ = {isa = PBXBuildFile; fileRef = 995373961C2C45D50026119A /* QXOrderModel.m */; };
		99594D741C23FCE0002660E6 /* main.m in Sources */ = {isa = PBXBuildFile; fileRef = 99594D731C23FCE0002660E6 /* main.m */; };
		99594D821C23FCE0002660E6 /* LaunchScreen.storyboard in Resources */ = {isa = PBXBuildFile; fileRef = 99594D801C23FCE0002660E6 /* LaunchScreen.storyboard */; };
		99594D8D1C23FCE0002660E6 /* WeBusinessTests.m in Sources */ = {isa = PBXBuildFile; fileRef = 99594D8C1C23FCE0002660E6 /* WeBusinessTests.m */; };
		99594D981C23FCE0002660E6 /* WeBusinessUITests.m in Sources */ = {isa = PBXBuildFile; fileRef = 99594D971C23FCE0002660E6 /* WeBusinessUITests.m */; };
		99594DC11C2403D3002660E6 /* AppDelegate.m in Sources */ = {isa = PBXBuildFile; fileRef = 99594DBC1C2403D3002660E6 /* AppDelegate.m */; };
		99594DC21C2403D3002660E6 /* QXRootViewController.m in Sources */ = {isa = PBXBuildFile; fileRef = 99594DC01C2403D3002660E6 /* QXRootViewController.m */; };
		99594DD41C2406A9002660E6 /* QXSetupMainViewController.m in Sources */ = {isa = PBXBuildFile; fileRef = 99594DD31C2406A9002660E6 /* QXSetupMainViewController.m */; };
		997D33131C287C4500C7EABB /* QXGoodsDetailViewController.m in Sources */ = {isa = PBXBuildFile; fileRef = 997D33121C287C4500C7EABB /* QXGoodsDetailViewController.m */; };
		997D33161C287CBA00C7EABB /* QXGoodsModel+Utils.m in Sources */ = {isa = PBXBuildFile; fileRef = 997D33151C287CBA00C7EABB /* QXGoodsModel+Utils.m */; };
		99A56A9C1C27071A00D757ED /* QXCustomerDetailViewController.m in Sources */ = {isa = PBXBuildFile; fileRef = 99A56A981C27071A00D757ED /* QXCustomerDetailViewController.m */; };
		99A56A9D1C27071A00D757ED /* QXCustomerMainViewController.m in Sources */ = {isa = PBXBuildFile; fileRef = 99A56A9B1C27071A00D757ED /* QXCustomerMainViewController.m */; };
		99A56AA01C27078D00D757ED /* QXCustomerMainCell.m in Sources */ = {isa = PBXBuildFile; fileRef = 99A56A9F1C27078D00D757ED /* QXCustomerMainCell.m */; };
		99A56AA31C27161700D757ED /* QXCustomerDetailHeadCell.m in Sources */ = {isa = PBXBuildFile; fileRef = 99A56AA21C27161700D757ED /* QXCustomerDetailHeadCell.m */; };
		99A56AAC1C271B0F00D757ED /* QXCustomerModel+TypeTranslation.m in Sources */ = {isa = PBXBuildFile; fileRef = 99A56AA91C271B0F00D757ED /* QXCustomerModel+TypeTranslation.m */; };
		99A56AAD1C271B0F00D757ED /* QXCustomerModel.m in Sources */ = {isa = PBXBuildFile; fileRef = 99A56AAB1C271B0F00D757ED /* QXCustomerModel.m */; };
		99A56AB21C271EE400D757ED /* QXInputStringViewController.m in Sources */ = {isa = PBXBuildFile; fileRef = 99A56AB11C271EE400D757ED /* QXInputStringViewController.m */; };
		99CF141C1C2CF3EC00CF3517 /* QXOrderGoodsModel.m in Sources */ = {isa = PBXBuildFile; fileRef = 99CF141B1C2CF3EB00CF3517 /* QXOrderGoodsModel.m */; };
		99E78A6B1C2B076700D64A46 /* QXGoodsMainMoreView.m in Sources */ = {isa = PBXBuildFile; fileRef = 99E78A6A1C2B076700D64A46 /* QXGoodsMainMoreView.m */; };
		99EC845E1C350A330007BE77 /* QXOrderDetailMoreView.xib in Resources */ = {isa = PBXBuildFile; fileRef = 99EC845D1C350A330007BE77 /* QXOrderDetailMoreView.xib */; };
		99F26B5A1C267CA400C66DE1 /* FMDatabase.m in Sources */ = {isa = PBXBuildFile; fileRef = 99F26B501C267CA400C66DE1 /* FMDatabase.m */; };
		99F26B5B1C267CA400C66DE1 /* FMDatabaseAdditions.m in Sources */ = {isa = PBXBuildFile; fileRef = 99F26B521C267CA400C66DE1 /* FMDatabaseAdditions.m */; };
		99F26B5C1C267CA400C66DE1 /* FMDatabasePool.m in Sources */ = {isa = PBXBuildFile; fileRef = 99F26B541C267CA400C66DE1 /* FMDatabasePool.m */; };
		99F26B5D1C267CA400C66DE1 /* FMDatabaseQueue.m in Sources */ = {isa = PBXBuildFile; fileRef = 99F26B561C267CA400C66DE1 /* FMDatabaseQueue.m */; };
		99F26B5E1C267CA400C66DE1 /* FMResultSet.m in Sources */ = {isa = PBXBuildFile; fileRef = 99F26B591C267CA400C66DE1 /* FMResultSet.m */; };
		99F26B631C267EA300C66DE1 /* libsqlite3.tbd in Frameworks */ = {isa = PBXBuildFile; fileRef = 99F26B621C267EA300C66DE1 /* libsqlite3.tbd */; };
		99F26B681C267F6500C66DE1 /* QXSQLiteHelper.m in Sources */ = {isa = PBXBuildFile; fileRef = 99F26B671C267F6500C66DE1 /* QXSQLiteHelper.m */; };
		99F26B6C1C2680AC00C66DE1 /* QXFileUtil.m in Sources */ = {isa = PBXBuildFile; fileRef = 99F26B6B1C2680AC00C66DE1 /* QXFileUtil.m */; };
		99F26B751C26965C00C66DE1 /* QXBaseModel.m in Sources */ = {isa = PBXBuildFile; fileRef = 99F26B741C26965C00C66DE1 /* QXBaseModel.m */; };
		99F33BD21C32539F00221102 /* QXSearchResultViewController.m in Sources */ = {isa = PBXBuildFile; fileRef = 99F33BD11C32539F00221102 /* QXSearchResultViewController.m */; };
		99F34EA21C28064D00ED54F2 /* QXGoodsMainViewController.m in Sources */ = {isa = PBXBuildFile; fileRef = 99F34EA11C28064D00ED54F2 /* QXGoodsMainViewController.m */; };
		99F34EA61C28189500ED54F2 /* QXGoodsModel.m in Sources */ = {isa = PBXBuildFile; fileRef = 99F34EA51C28189500ED54F2 /* QXGoodsModel.m */; };
		99F79F6B1C29AFC500B1492F /* QXGoodsDetailTableViewHeaderView.m in Sources */ = {isa = PBXBuildFile; fileRef = 99F79F6A1C29AFC500B1492F /* QXGoodsDetailTableViewHeaderView.m */; };
		99F79F6E1C29B38F00B1492F /* QXGoodsDetailImageItemCell.m in Sources */ = {isa = PBXBuildFile; fileRef = 99F79F6D1C29B38F00B1492F /* QXGoodsDetailImageItemCell.m */; };
		99F79F721C29BB8C00B1492F /* QXGoodsDetailTextCell.m in Sources */ = {isa = PBXBuildFile; fileRef = 99F79F711C29BB8C00B1492F /* QXGoodsDetailTextCell.m */; };
/* End PBXBuildFile section */

/* Begin PBXContainerItemProxy section */
		99594D891C23FCE0002660E6 /* PBXContainerItemProxy */ = {
			isa = PBXContainerItemProxy;
			containerPortal = 99594D671C23FCE0002660E6 /* Project object */;
			proxyType = 1;
			remoteGlobalIDString = 99594D6E1C23FCE0002660E6;
			remoteInfo = WeBusiness;
		};
		99594D941C23FCE0002660E6 /* PBXContainerItemProxy */ = {
			isa = PBXContainerItemProxy;
			containerPortal = 99594D671C23FCE0002660E6 /* Project object */;
			proxyType = 1;
			remoteGlobalIDString = 99594D6E1C23FCE0002660E6;
			remoteInfo = WeBusiness;
		};
/* End PBXContainerItemProxy section */

/* Begin PBXFileReference section */
		991337F51C2A4B8D005483F4 /* QXBaseTableViewController.h */ = {isa = PBXFileReference; fileEncoding = 4; lastKnownFileType = sourcecode.c.h; path = QXBaseTableViewController.h; sourceTree = "<group>"; };
		991337F61C2A4B8D005483F4 /* QXBaseTableViewController.m */ = {isa = PBXFileReference; fileEncoding = 4; lastKnownFileType = sourcecode.c.objc; path = QXBaseTableViewController.m; sourceTree = "<group>"; };
		991337F91C2A509B005483F4 /* UIImage+Utils.h */ = {isa = PBXFileReference; fileEncoding = 4; lastKnownFileType = sourcecode.c.h; path = "UIImage+Utils.h"; sourceTree = "<group>"; };
		991337FA1C2A509B005483F4 /* UIImage+Utils.m */ = {isa = PBXFileReference; fileEncoding = 4; lastKnownFileType = sourcecode.c.objc; path = "UIImage+Utils.m"; sourceTree = "<group>"; };
		991338181C2A5686005483F4 /* AssetsLibrary.framework */ = {isa = PBXFileReference; lastKnownFileType = wrapper.framework; name = AssetsLibrary.framework; path = System/Library/Frameworks/AssetsLibrary.framework; sourceTree = SDKROOT; };
		9913381A1C2A56FA005483F4 /* QXGoodsMainCell.m */ = {isa = PBXFileReference; fileEncoding = 4; lastKnownFileType = sourcecode.c.objc; path = QXGoodsMainCell.m; sourceTree = "<group>"; };
		9913381E1C2A6E4B005483F4 /* QXImageCache.h */ = {isa = PBXFileReference; fileEncoding = 4; lastKnownFileType = sourcecode.c.h; path = QXImageCache.h; sourceTree = "<group>"; };
		9913381F1C2A6E4B005483F4 /* QXImageCache.m */ = {isa = PBXFileReference; fileEncoding = 4; lastKnownFileType = sourcecode.c.objc; path = QXImageCache.m; sourceTree = "<group>"; };
		991338221C2A78DD005483F4 /* QXImageCompressUtil.h */ = {isa = PBXFileReference; fileEncoding = 4; lastKnownFileType = sourcecode.c.h; path = QXImageCompressUtil.h; sourceTree = "<group>"; };
		991338231C2A78DD005483F4 /* QXImageCompressUtil.m */ = {isa = PBXFileReference; fileEncoding = 4; lastKnownFileType = sourcecode.c.objc; path = QXImageCompressUtil.m; sourceTree = "<group>"; };
		991338491C2A9D1F005483F4 /* QXBaseViewController.h */ = {isa = PBXFileReference; fileEncoding = 4; lastKnownFileType = sourcecode.c.h; path = QXBaseViewController.h; sourceTree = "<group>"; };
		9913384A1C2A9D1F005483F4 /* QXBaseViewController.m */ = {isa = PBXFileReference; fileEncoding = 4; lastKnownFileType = sourcecode.c.objc; path = QXBaseViewController.m; sourceTree = "<group>"; };
		9913384C1C2A9E62005483F4 /* QXShareViewController.h */ = {isa = PBXFileReference; fileEncoding = 4; lastKnownFileType = sourcecode.c.h; path = QXShareViewController.h; sourceTree = "<group>"; };
		9913384D1C2A9E62005483F4 /* QXShareViewController.m */ = {isa = PBXFileReference; fileEncoding = 4; lastKnownFileType = sourcecode.c.objc; path = QXShareViewController.m; sourceTree = "<group>"; };
		9920FFDA1C2F00BC004AAD89 /* NSDate+Utils.h */ = {isa = PBXFileReference; fileEncoding = 4; lastKnownFileType = sourcecode.c.h; path = "NSDate+Utils.h"; sourceTree = "<group>"; };
		9920FFDB1C2F00BC004AAD89 /* NSDate+Utils.m */ = {isa = PBXFileReference; fileEncoding = 4; lastKnownFileType = sourcecode.c.objc; path = "NSDate+Utils.m"; sourceTree = "<group>"; };
		9926C9C21C31AAA00071F125 /* QXOrderDetailMoreView.h */ = {isa = PBXFileReference; fileEncoding = 4; lastKnownFileType = sourcecode.c.h; path = QXOrderDetailMoreView.h; sourceTree = "<group>"; };
		9926C9C31C31AAA00071F125 /* QXOrderDetailMoreView.m */ = {isa = PBXFileReference; fileEncoding = 4; lastKnownFileType = sourcecode.c.objc; path = QXOrderDetailMoreView.m; sourceTree = "<group>"; };
		992ED6C61C30E9C100D97A53 /* QXOrderFooterView.h */ = {isa = PBXFileReference; fileEncoding = 4; lastKnownFileType = sourcecode.c.h; path = QXOrderFooterView.h; sourceTree = "<group>"; };
		992ED6C71C30E9C100D97A53 /* QXOrderFooterView.m */ = {isa = PBXFileReference; fileEncoding = 4; lastKnownFileType = sourcecode.c.objc; path = QXOrderFooterView.m; sourceTree = "<group>"; };
		992ED6C81C30E9C100D97A53 /* QXOrderHeaderView.h */ = {isa = PBXFileReference; fileEncoding = 4; lastKnownFileType = sourcecode.c.h; path = QXOrderHeaderView.h; sourceTree = "<group>"; };
		992ED6C91C30E9C100D97A53 /* QXOrderHeaderView.m */ = {isa = PBXFileReference; fileEncoding = 4; lastKnownFileType = sourcecode.c.objc; path = QXOrderHeaderView.m; sourceTree = "<group>"; };
		992ED6CA1C30E9C100D97A53 /* QXOrderMainCell.h */ = {isa = PBXFileReference; fileEncoding = 4; lastKnownFileType = sourcecode.c.h; path = QXOrderMainCell.h; sourceTree = "<group>"; };
		992ED6CB1C30E9C100D97A53 /* QXOrderMainCell.m */ = {isa = PBXFileReference; fileEncoding = 4; lastKnownFileType = sourcecode.c.objc; path = QXOrderMainCell.m; sourceTree = "<group>"; };
		992ED6CC1C30E9C100D97A53 /* QXOrderMainViewController.h */ = {isa = PBXFileReference; fileEncoding = 4; lastKnownFileType = sourcecode.c.h; path = QXOrderMainViewController.h; sourceTree = "<group>"; };
		992ED6CD1C30E9C100D97A53 /* QXOrderMainViewController.m */ = {isa = PBXFileReference; fileEncoding = 4; lastKnownFileType = sourcecode.c.objc; path = QXOrderMainViewController.m; sourceTree = "<group>"; };
		992ED6D21C30EAB700D97A53 /* QXOrderDetailViewController.h */ = {isa = PBXFileReference; fileEncoding = 4; lastKnownFileType = sourcecode.c.h; path = QXOrderDetailViewController.h; sourceTree = "<group>"; };
		992ED6D31C30EAB700D97A53 /* QXOrderDetailViewController.m */ = {isa = PBXFileReference; fileEncoding = 4; lastKnownFileType = sourcecode.c.objc; path = QXOrderDetailViewController.m; sourceTree = "<group>"; };
		992ED6D51C30F1FA00D97A53 /* QXOrderDetailHeadView.h */ = {isa = PBXFileReference; fileEncoding = 4; lastKnownFileType = sourcecode.c.h; path = QXOrderDetailHeadView.h; sourceTree = "<group>"; };
		992ED6D61C30F1FA00D97A53 /* QXOrderDetailHeadView.m */ = {isa = PBXFileReference; fileEncoding = 4; lastKnownFileType = sourcecode.c.objc; path = QXOrderDetailHeadView.m; sourceTree = "<group>"; };
		992ED6D81C3109C100D97A53 /* QXOrderDetailHeadView.xib */ = {isa = PBXFileReference; fileEncoding = 4; lastKnownFileType = file.xib; path = QXOrderDetailHeadView.xib; sourceTree = "<group>"; };
		992ED6DB1C312DEA00D97A53 /* QXOrderDetailFooterView.h */ = {isa = PBXFileReference; fileEncoding = 4; lastKnownFileType = sourcecode.c.h; path = QXOrderDetailFooterView.h; sourceTree = "<group>"; };
		992ED6DC1C312DEA00D97A53 /* QXOrderDetailFooterView.m */ = {isa = PBXFileReference; fileEncoding = 4; lastKnownFileType = sourcecode.c.objc; path = QXOrderDetailFooterView.m; sourceTree = "<group>"; };
		992ED6DE1C312E1500D97A53 /* QXOrderDetailFooterView.xib */ = {isa = PBXFileReference; fileEncoding = 4; lastKnownFileType = file.xib; path = QXOrderDetailFooterView.xib; sourceTree = "<group>"; };
		992ED6E01C313EF700D97A53 /* QXOrderDetailCell.h */ = {isa = PBXFileReference; fileEncoding = 4; lastKnownFileType = sourcecode.c.h; path = QXOrderDetailCell.h; sourceTree = "<group>"; };
		992ED6E11C313EF700D97A53 /* QXOrderDetailCell.m */ = {isa = PBXFileReference; fileEncoding = 4; lastKnownFileType = sourcecode.c.objc; path = QXOrderDetailCell.m; sourceTree = "<group>"; };
		994F533F1C36F57700F78062 /* QXScanCodeViewController.h */ = {isa = PBXFileReference; fileEncoding = 4; lastKnownFileType = sourcecode.c.h; path = QXScanCodeViewController.h; sourceTree = "<group>"; };
		994F53401C36F57700F78062 /* QXScanCodeViewController.m */ = {isa = PBXFileReference; fileEncoding = 4; lastKnownFileType = sourcecode.c.objc; path = QXScanCodeViewController.m; sourceTree = "<group>"; };
		994F53421C36F58400F78062 /* AVFoundation.framework */ = {isa = PBXFileReference; lastKnownFileType = wrapper.framework; name = AVFoundation.framework; path = System/Library/Frameworks/AVFoundation.framework; sourceTree = SDKROOT; };
		994F53471C36FF4700F78062 /* Assets.xcassets */ = {isa = PBXFileReference; lastKnownFileType = folder.assetcatalog; path = Assets.xcassets; sourceTree = "<group>"; };
		994F53491C36FF4700F78062 /* scan.wav */ = {isa = PBXFileReference; lastKnownFileType = audio.wav; path = scan.wav; sourceTree = "<group>"; };
		995373951C2C45D50026119A /* QXOrderModel.h */ = {isa = PBXFileReference; fileEncoding = 4; lastKnownFileType = sourcecode.c.h; path = QXOrderModel.h; sourceTree = "<group>"; };
		995373961C2C45D50026119A /* QXOrderModel.m */ = {isa = PBXFileReference; fileEncoding = 4; lastKnownFileType = sourcecode.c.objc; path = QXOrderModel.m; sourceTree = "<group>"; };
		99594D6F1C23FCE0002660E6 /* WeBusiness.app */ = {isa = PBXFileReference; explicitFileType = wrapper.application; includeInIndex = 0; path = WeBusiness.app; sourceTree = BUILT_PRODUCTS_DIR; };
		99594D731C23FCE0002660E6 /* main.m */ = {isa = PBXFileReference; lastKnownFileType = sourcecode.c.objc; path = main.m; sourceTree = "<group>"; };
		99594D831C23FCE0002660E6 /* Info.plist */ = {isa = PBXFileReference; lastKnownFileType = text.plist.xml; path = Info.plist; sourceTree = "<group>"; };
		99594D881C23FCE0002660E6 /* WeBusinessTests.xctest */ = {isa = PBXFileReference; explicitFileType = wrapper.cfbundle; includeInIndex = 0; path = WeBusinessTests.xctest; sourceTree = BUILT_PRODUCTS_DIR; };
		99594D8C1C23FCE0002660E6 /* WeBusinessTests.m */ = {isa = PBXFileReference; lastKnownFileType = sourcecode.c.objc; path = WeBusinessTests.m; sourceTree = "<group>"; };
		99594D8E1C23FCE0002660E6 /* Info.plist */ = {isa = PBXFileReference; lastKnownFileType = text.plist.xml; path = Info.plist; sourceTree = "<group>"; };
		99594D931C23FCE0002660E6 /* WeBusinessUITests.xctest */ = {isa = PBXFileReference; explicitFileType = wrapper.cfbundle; includeInIndex = 0; path = WeBusinessUITests.xctest; sourceTree = BUILT_PRODUCTS_DIR; };
		99594D971C23FCE0002660E6 /* WeBusinessUITests.m */ = {isa = PBXFileReference; lastKnownFileType = sourcecode.c.objc; path = WeBusinessUITests.m; sourceTree = "<group>"; };
		99594D991C23FCE0002660E6 /* Info.plist */ = {isa = PBXFileReference; lastKnownFileType = text.plist.xml; path = Info.plist; sourceTree = "<group>"; };
		99594DB81C2402C8002660E6 /* PrefixHeader.pch */ = {isa = PBXFileReference; lastKnownFileType = sourcecode.c.h; path = PrefixHeader.pch; sourceTree = "<group>"; };
		99594DBB1C2403D3002660E6 /* AppDelegate.h */ = {isa = PBXFileReference; fileEncoding = 4; lastKnownFileType = sourcecode.c.h; path = AppDelegate.h; sourceTree = "<group>"; };
		99594DBC1C2403D3002660E6 /* AppDelegate.m */ = {isa = PBXFileReference; fileEncoding = 4; lastKnownFileType = sourcecode.c.objc; path = AppDelegate.m; sourceTree = "<group>"; };
		99594DBF1C2403D3002660E6 /* QXRootViewController.h */ = {isa = PBXFileReference; fileEncoding = 4; lastKnownFileType = sourcecode.c.h; path = QXRootViewController.h; sourceTree = "<group>"; };
		99594DC01C2403D3002660E6 /* QXRootViewController.m */ = {isa = PBXFileReference; fileEncoding = 4; lastKnownFileType = sourcecode.c.objc; path = QXRootViewController.m; sourceTree = "<group>"; };
		99594DC41C2404E0002660E6 /* zh-Hans */ = {isa = PBXFileReference; lastKnownFileType = file.storyboard; name = "zh-Hans"; path = "zh-Hans.lproj/LaunchScreen.storyboard"; sourceTree = "<group>"; };
		99594DD21C2406A9002660E6 /* QXSetupMainViewController.h */ = {isa = PBXFileReference; fileEncoding = 4; lastKnownFileType = sourcecode.c.h; path = QXSetupMainViewController.h; sourceTree = "<group>"; };
		99594DD31C2406A9002660E6 /* QXSetupMainViewController.m */ = {isa = PBXFileReference; fileEncoding = 4; lastKnownFileType = sourcecode.c.objc; path = QXSetupMainViewController.m; sourceTree = "<group>"; };
		997D330E1C286DD500C7EABB /* QXGoodsMainCell.h */ = {isa = PBXFileReference; fileEncoding = 4; lastKnownFileType = sourcecode.c.h; path = QXGoodsMainCell.h; sourceTree = "<group>"; };
		997D33111C287C4500C7EABB /* QXGoodsDetailViewController.h */ = {isa = PBXFileReference; fileEncoding = 4; lastKnownFileType = sourcecode.c.h; name = QXGoodsDetailViewController.h; path = WeBusiness/Controllers/Goods/Main/QXGoodsDetailViewController.h; sourceTree = SOURCE_ROOT; };
		997D33121C287C4500C7EABB /* QXGoodsDetailViewController.m */ = {isa = PBXFileReference; fileEncoding = 4; lastKnownFileType = sourcecode.c.objc; name = QXGoodsDetailViewController.m; path = WeBusiness/Controllers/Goods/Main/QXGoodsDetailViewController.m; sourceTree = SOURCE_ROOT; };
		997D33141C287CBA00C7EABB /* QXGoodsModel+Utils.h */ = {isa = PBXFileReference; fileEncoding = 4; lastKnownFileType = sourcecode.c.h; path = "QXGoodsModel+Utils.h"; sourceTree = "<group>"; };
		997D33151C287CBA00C7EABB /* QXGoodsModel+Utils.m */ = {isa = PBXFileReference; fileEncoding = 4; lastKnownFileType = sourcecode.c.objc; path = "QXGoodsModel+Utils.m"; sourceTree = "<group>"; };
		99A56A971C27071A00D757ED /* QXCustomerDetailViewController.h */ = {isa = PBXFileReference; fileEncoding = 4; lastKnownFileType = sourcecode.c.h; path = QXCustomerDetailViewController.h; sourceTree = "<group>"; };
		99A56A981C27071A00D757ED /* QXCustomerDetailViewController.m */ = {isa = PBXFileReference; fileEncoding = 4; lastKnownFileType = sourcecode.c.objc; path = QXCustomerDetailViewController.m; sourceTree = "<group>"; };
		99A56A9A1C27071A00D757ED /* QXCustomerMainViewController.h */ = {isa = PBXFileReference; fileEncoding = 4; lastKnownFileType = sourcecode.c.h; path = QXCustomerMainViewController.h; sourceTree = "<group>"; };
		99A56A9B1C27071A00D757ED /* QXCustomerMainViewController.m */ = {isa = PBXFileReference; fileEncoding = 4; lastKnownFileType = sourcecode.c.objc; path = QXCustomerMainViewController.m; sourceTree = "<group>"; };
		99A56A9E1C27078D00D757ED /* QXCustomerMainCell.h */ = {isa = PBXFileReference; fileEncoding = 4; lastKnownFileType = sourcecode.c.h; path = QXCustomerMainCell.h; sourceTree = "<group>"; };
		99A56A9F1C27078D00D757ED /* QXCustomerMainCell.m */ = {isa = PBXFileReference; fileEncoding = 4; lastKnownFileType = sourcecode.c.objc; path = QXCustomerMainCell.m; sourceTree = "<group>"; };
		99A56AA11C27161700D757ED /* QXCustomerDetailHeadCell.h */ = {isa = PBXFileReference; fileEncoding = 4; lastKnownFileType = sourcecode.c.h; path = QXCustomerDetailHeadCell.h; sourceTree = "<group>"; };
		99A56AA21C27161700D757ED /* QXCustomerDetailHeadCell.m */ = {isa = PBXFileReference; fileEncoding = 4; lastKnownFileType = sourcecode.c.objc; path = QXCustomerDetailHeadCell.m; sourceTree = "<group>"; };
		99A56AA81C271B0F00D757ED /* QXCustomerModel+TypeTranslation.h */ = {isa = PBXFileReference; fileEncoding = 4; lastKnownFileType = sourcecode.c.h; path = "QXCustomerModel+TypeTranslation.h"; sourceTree = "<group>"; };
		99A56AA91C271B0F00D757ED /* QXCustomerModel+TypeTranslation.m */ = {isa = PBXFileReference; fileEncoding = 4; lastKnownFileType = sourcecode.c.objc; path = "QXCustomerModel+TypeTranslation.m"; sourceTree = "<group>"; };
		99A56AAA1C271B0F00D757ED /* QXCustomerModel.h */ = {isa = PBXFileReference; fileEncoding = 4; lastKnownFileType = sourcecode.c.h; path = QXCustomerModel.h; sourceTree = "<group>"; };
		99A56AAB1C271B0F00D757ED /* QXCustomerModel.m */ = {isa = PBXFileReference; fileEncoding = 4; lastKnownFileType = sourcecode.c.objc; path = QXCustomerModel.m; sourceTree = "<group>"; };
		99A56AB01C271EE400D757ED /* QXInputStringViewController.h */ = {isa = PBXFileReference; fileEncoding = 4; lastKnownFileType = sourcecode.c.h; path = QXInputStringViewController.h; sourceTree = "<group>"; };
		99A56AB11C271EE400D757ED /* QXInputStringViewController.m */ = {isa = PBXFileReference; fileEncoding = 4; lastKnownFileType = sourcecode.c.objc; path = QXInputStringViewController.m; sourceTree = "<group>"; };
		99CF141A1C2CF3EB00CF3517 /* QXOrderGoodsModel.h */ = {isa = PBXFileReference; fileEncoding = 4; lastKnownFileType = sourcecode.c.h; path = QXOrderGoodsModel.h; sourceTree = "<group>"; };
		99CF141B1C2CF3EB00CF3517 /* QXOrderGoodsModel.m */ = {isa = PBXFileReference; fileEncoding = 4; lastKnownFileType = sourcecode.c.objc; path = QXOrderGoodsModel.m; sourceTree = "<group>"; };
		99E78A691C2B076700D64A46 /* QXGoodsMainMoreView.h */ = {isa = PBXFileReference; fileEncoding = 4; lastKnownFileType = sourcecode.c.h; path = QXGoodsMainMoreView.h; sourceTree = "<group>"; };
		99E78A6A1C2B076700D64A46 /* QXGoodsMainMoreView.m */ = {isa = PBXFileReference; fileEncoding = 4; lastKnownFileType = sourcecode.c.objc; path = QXGoodsMainMoreView.m; sourceTree = "<group>"; };
		99EC845D1C350A330007BE77 /* QXOrderDetailMoreView.xib */ = {isa = PBXFileReference; fileEncoding = 4; lastKnownFileType = file.xib; path = QXOrderDetailMoreView.xib; sourceTree = "<group>"; };
		99F26B4F1C267CA400C66DE1 /* FMDatabase.h */ = {isa = PBXFileReference; fileEncoding = 4; lastKnownFileType = sourcecode.c.h; path = FMDatabase.h; sourceTree = "<group>"; };
		99F26B501C267CA400C66DE1 /* FMDatabase.m */ = {isa = PBXFileReference; fileEncoding = 4; lastKnownFileType = sourcecode.c.objc; path = FMDatabase.m; sourceTree = "<group>"; };
		99F26B511C267CA400C66DE1 /* FMDatabaseAdditions.h */ = {isa = PBXFileReference; fileEncoding = 4; lastKnownFileType = sourcecode.c.h; path = FMDatabaseAdditions.h; sourceTree = "<group>"; };
		99F26B521C267CA400C66DE1 /* FMDatabaseAdditions.m */ = {isa = PBXFileReference; fileEncoding = 4; lastKnownFileType = sourcecode.c.objc; path = FMDatabaseAdditions.m; sourceTree = "<group>"; };
		99F26B531C267CA400C66DE1 /* FMDatabasePool.h */ = {isa = PBXFileReference; fileEncoding = 4; lastKnownFileType = sourcecode.c.h; path = FMDatabasePool.h; sourceTree = "<group>"; };
		99F26B541C267CA400C66DE1 /* FMDatabasePool.m */ = {isa = PBXFileReference; fileEncoding = 4; lastKnownFileType = sourcecode.c.objc; path = FMDatabasePool.m; sourceTree = "<group>"; };
		99F26B551C267CA400C66DE1 /* FMDatabaseQueue.h */ = {isa = PBXFileReference; fileEncoding = 4; lastKnownFileType = sourcecode.c.h; path = FMDatabaseQueue.h; sourceTree = "<group>"; };
		99F26B561C267CA400C66DE1 /* FMDatabaseQueue.m */ = {isa = PBXFileReference; fileEncoding = 4; lastKnownFileType = sourcecode.c.objc; path = FMDatabaseQueue.m; sourceTree = "<group>"; };
		99F26B571C267CA400C66DE1 /* FMDB.h */ = {isa = PBXFileReference; fileEncoding = 4; lastKnownFileType = sourcecode.c.h; path = FMDB.h; sourceTree = "<group>"; };
		99F26B581C267CA400C66DE1 /* FMResultSet.h */ = {isa = PBXFileReference; fileEncoding = 4; lastKnownFileType = sourcecode.c.h; path = FMResultSet.h; sourceTree = "<group>"; };
		99F26B591C267CA400C66DE1 /* FMResultSet.m */ = {isa = PBXFileReference; fileEncoding = 4; lastKnownFileType = sourcecode.c.objc; path = FMResultSet.m; sourceTree = "<group>"; };
		99F26B621C267EA300C66DE1 /* libsqlite3.tbd */ = {isa = PBXFileReference; lastKnownFileType = "sourcecode.text-based-dylib-definition"; name = libsqlite3.tbd; path = usr/lib/libsqlite3.tbd; sourceTree = SDKROOT; };
		99F26B661C267F6500C66DE1 /* QXSQLiteHelper.h */ = {isa = PBXFileReference; fileEncoding = 4; lastKnownFileType = sourcecode.c.h; path = QXSQLiteHelper.h; sourceTree = "<group>"; };
		99F26B671C267F6500C66DE1 /* QXSQLiteHelper.m */ = {isa = PBXFileReference; fileEncoding = 4; lastKnownFileType = sourcecode.c.objc; path = QXSQLiteHelper.m; sourceTree = "<group>"; };
		99F26B6A1C2680AC00C66DE1 /* QXFileUtil.h */ = {isa = PBXFileReference; fileEncoding = 4; lastKnownFileType = sourcecode.c.h; path = QXFileUtil.h; sourceTree = "<group>"; };
		99F26B6B1C2680AC00C66DE1 /* QXFileUtil.m */ = {isa = PBXFileReference; fileEncoding = 4; lastKnownFileType = sourcecode.c.objc; path = QXFileUtil.m; sourceTree = "<group>"; };
		99F26B731C26965C00C66DE1 /* QXBaseModel.h */ = {isa = PBXFileReference; fileEncoding = 4; lastKnownFileType = sourcecode.c.h; path = QXBaseModel.h; sourceTree = "<group>"; };
		99F26B741C26965C00C66DE1 /* QXBaseModel.m */ = {isa = PBXFileReference; fileEncoding = 4; lastKnownFileType = sourcecode.c.objc; path = QXBaseModel.m; sourceTree = "<group>"; };
		99F33BD01C32539F00221102 /* QXSearchResultViewController.h */ = {isa = PBXFileReference; fileEncoding = 4; lastKnownFileType = sourcecode.c.h; path = QXSearchResultViewController.h; sourceTree = "<group>"; };
		99F33BD11C32539F00221102 /* QXSearchResultViewController.m */ = {isa = PBXFileReference; fileEncoding = 4; lastKnownFileType = sourcecode.c.objc; path = QXSearchResultViewController.m; sourceTree = "<group>"; };
		99F34EA01C28064D00ED54F2 /* QXGoodsMainViewController.h */ = {isa = PBXFileReference; fileEncoding = 4; lastKnownFileType = sourcecode.c.h; path = QXGoodsMainViewController.h; sourceTree = "<group>"; };
		99F34EA11C28064D00ED54F2 /* QXGoodsMainViewController.m */ = {isa = PBXFileReference; fileEncoding = 4; lastKnownFileType = sourcecode.c.objc; path = QXGoodsMainViewController.m; sourceTree = "<group>"; };
		99F34EA41C28189500ED54F2 /* QXGoodsModel.h */ = {isa = PBXFileReference; fileEncoding = 4; lastKnownFileType = sourcecode.c.h; path = QXGoodsModel.h; sourceTree = "<group>"; };
		99F34EA51C28189500ED54F2 /* QXGoodsModel.m */ = {isa = PBXFileReference; fileEncoding = 4; lastKnownFileType = sourcecode.c.objc; path = QXGoodsModel.m; sourceTree = "<group>"; };
		99F79F691C29AFC500B1492F /* QXGoodsDetailTableViewHeaderView.h */ = {isa = PBXFileReference; fileEncoding = 4; lastKnownFileType = sourcecode.c.h; path = QXGoodsDetailTableViewHeaderView.h; sourceTree = "<group>"; };
		99F79F6A1C29AFC500B1492F /* QXGoodsDetailTableViewHeaderView.m */ = {isa = PBXFileReference; fileEncoding = 4; lastKnownFileType = sourcecode.c.objc; path = QXGoodsDetailTableViewHeaderView.m; sourceTree = "<group>"; };
		99F79F6C1C29B38F00B1492F /* QXGoodsDetailImageItemCell.h */ = {isa = PBXFileReference; fileEncoding = 4; lastKnownFileType = sourcecode.c.h; path = QXGoodsDetailImageItemCell.h; sourceTree = "<group>"; };
		99F79F6D1C29B38F00B1492F /* QXGoodsDetailImageItemCell.m */ = {isa = PBXFileReference; fileEncoding = 4; lastKnownFileType = sourcecode.c.objc; path = QXGoodsDetailImageItemCell.m; sourceTree = "<group>"; };
		99F79F701C29BB8C00B1492F /* QXGoodsDetailTextCell.h */ = {isa = PBXFileReference; fileEncoding = 4; lastKnownFileType = sourcecode.c.h; path = QXGoodsDetailTextCell.h; sourceTree = "<group>"; };
		99F79F711C29BB8C00B1492F /* QXGoodsDetailTextCell.m */ = {isa = PBXFileReference; fileEncoding = 4; lastKnownFileType = sourcecode.c.objc; path = QXGoodsDetailTextCell.m; sourceTree = "<group>"; };
/* End PBXFileReference section */

/* Begin PBXFrameworksBuildPhase section */
		99594D6C1C23FCE0002660E6 /* Frameworks */ = {
			isa = PBXFrameworksBuildPhase;
			buildActionMask = 2147483647;
			files = (
				994F53431C36F58400F78062 /* AVFoundation.framework in Frameworks */,
				99F26B631C267EA300C66DE1 /* libsqlite3.tbd in Frameworks */,
			);
			runOnlyForDeploymentPostprocessing = 0;
		};
		99594D851C23FCE0002660E6 /* Frameworks */ = {
			isa = PBXFrameworksBuildPhase;
			buildActionMask = 2147483647;
			files = (
			);
			runOnlyForDeploymentPostprocessing = 0;
		};
		99594D901C23FCE0002660E6 /* Frameworks */ = {
			isa = PBXFrameworksBuildPhase;
			buildActionMask = 2147483647;
			files = (
			);
			runOnlyForDeploymentPostprocessing = 0;
		};
/* End PBXFrameworksBuildPhase section */

/* Begin PBXGroup section */
		9913381D1C2A6E34005483F4 /* Cache */ = {
			isa = PBXGroup;
			children = (
				9913381E1C2A6E4B005483F4 /* QXImageCache.h */,
				9913381F1C2A6E4B005483F4 /* QXImageCache.m */,
			);
			path = Cache;
			sourceTree = "<group>";
		};
		991338211C2A789E005483F4 /* ImageCompress */ = {
			isa = PBXGroup;
			children = (
				991338221C2A78DD005483F4 /* QXImageCompressUtil.h */,
				991338231C2A78DD005483F4 /* QXImageCompressUtil.m */,
			);
			name = ImageCompress;
			path = CommonFunction;
			sourceTree = "<group>";
		};
		991338481C2A9CB6005483F4 /* ShareGoods */ = {
			isa = PBXGroup;
			children = (
				9913384C1C2A9E62005483F4 /* QXShareViewController.h */,
				9913384D1C2A9E62005483F4 /* QXShareViewController.m */,
			);
			path = ShareGoods;
			sourceTree = "<group>";
		};
		992ED6C41C30E9C100D97A53 /* Detail */ = {
			isa = PBXGroup;
			children = (
				992ED6D21C30EAB700D97A53 /* QXOrderDetailViewController.h */,
				992ED6D31C30EAB700D97A53 /* QXOrderDetailViewController.m */,
				992ED6D51C30F1FA00D97A53 /* QXOrderDetailHeadView.h */,
				992ED6D61C30F1FA00D97A53 /* QXOrderDetailHeadView.m */,
				992ED6D81C3109C100D97A53 /* QXOrderDetailHeadView.xib */,
				992ED6DB1C312DEA00D97A53 /* QXOrderDetailFooterView.h */,
				992ED6DC1C312DEA00D97A53 /* QXOrderDetailFooterView.m */,
				992ED6DE1C312E1500D97A53 /* QXOrderDetailFooterView.xib */,
				992ED6E01C313EF700D97A53 /* QXOrderDetailCell.h */,
				992ED6E11C313EF700D97A53 /* QXOrderDetailCell.m */,
				9926C9C21C31AAA00071F125 /* QXOrderDetailMoreView.h */,
				9926C9C31C31AAA00071F125 /* QXOrderDetailMoreView.m */,
				99EC845D1C350A330007BE77 /* QXOrderDetailMoreView.xib */,
			);
			path = Detail;
			sourceTree = "<group>";
		};
		992ED6C51C30E9C100D97A53 /* Main */ = {
			isa = PBXGroup;
			children = (
				992ED6C61C30E9C100D97A53 /* QXOrderFooterView.h */,
				992ED6C71C30E9C100D97A53 /* QXOrderFooterView.m */,
				992ED6C81C30E9C100D97A53 /* QXOrderHeaderView.h */,
				992ED6C91C30E9C100D97A53 /* QXOrderHeaderView.m */,
				992ED6CA1C30E9C100D97A53 /* QXOrderMainCell.h */,
				992ED6CB1C30E9C100D97A53 /* QXOrderMainCell.m */,
				992ED6CC1C30E9C100D97A53 /* QXOrderMainViewController.h */,
				992ED6CD1C30E9C100D97A53 /* QXOrderMainViewController.m */,
			);
			path = Main;
			sourceTree = "<group>";
		};
		994F533E1C36F55F00F78062 /* ScanCode */ = {
			isa = PBXGroup;
			children = (
				994F533F1C36F57700F78062 /* QXScanCodeViewController.h */,
				994F53401C36F57700F78062 /* QXScanCodeViewController.m */,
			);
			path = ScanCode;
			sourceTree = "<group>";
		};
		994F53461C36FF4700F78062 /* Resources */ = {
			isa = PBXGroup;
			children = (
				994F53471C36FF4700F78062 /* Assets.xcassets */,
				994F53481C36FF4700F78062 /* Sound */,
			);
			path = Resources;
			sourceTree = "<group>";
		};
		994F53481C36FF4700F78062 /* Sound */ = {
			isa = PBXGroup;
			children = (
				994F53491C36FF4700F78062 /* scan.wav */,
			);
			path = Sound;
			sourceTree = "<group>";
		};
		995373941C2C45C20026119A /* Orders */ = {
			isa = PBXGroup;
			children = (
				995373951C2C45D50026119A /* QXOrderModel.h */,
				995373961C2C45D50026119A /* QXOrderModel.m */,
				99CF141A1C2CF3EB00CF3517 /* QXOrderGoodsModel.h */,
				99CF141B1C2CF3EB00CF3517 /* QXOrderGoodsModel.m */,
			);
			path = Orders;
			sourceTree = "<group>";
		};
		99594D661C23FCE0002660E6 = {
			isa = PBXGroup;
			children = (
				99594D711C23FCE0002660E6 /* WeBusiness */,
				99594D8B1C23FCE0002660E6 /* WeBusinessTests */,
				99594D961C23FCE0002660E6 /* WeBusinessUITests */,
				99594D701C23FCE0002660E6 /* Products */,
			);
			sourceTree = "<group>";
		};
		99594D701C23FCE0002660E6 /* Products */ = {
			isa = PBXGroup;
			children = (
				99594D6F1C23FCE0002660E6 /* WeBusiness.app */,
				99594D881C23FCE0002660E6 /* WeBusinessTests.xctest */,
				99594D931C23FCE0002660E6 /* WeBusinessUITests.xctest */,
			);
			name = Products;
			sourceTree = "<group>";
		};
		99594D711C23FCE0002660E6 /* WeBusiness */ = {
			isa = PBXGroup;
			children = (
				994F53461C36FF4700F78062 /* Resources */,
				99F26B641C267EE700C66DE1 /* Framework */,
				99F26B611C267E7200C66DE1 /* Utility */,
				99F26B4D1C267C6900C66DE1 /* ThirdParty */,
				99594DD51C2407A6002660E6 /* Model */,
				99594DBA1C2403D3002660E6 /* AppDelegate */,
				99594DBD1C2403D3002660E6 /* Controllers */,
				99594D721C23FCE0002660E6 /* Supporting Files */,
			);
			path = WeBusiness;
			sourceTree = "<group>";
		};
		99594D721C23FCE0002660E6 /* Supporting Files */ = {
			isa = PBXGroup;
			children = (
				99594D801C23FCE0002660E6 /* LaunchScreen.storyboard */,
				99594D831C23FCE0002660E6 /* Info.plist */,
				99594D731C23FCE0002660E6 /* main.m */,
				99594DB81C2402C8002660E6 /* PrefixHeader.pch */,
			);
			name = "Supporting Files";
			sourceTree = "<group>";
		};
		99594D8B1C23FCE0002660E6 /* WeBusinessTests */ = {
			isa = PBXGroup;
			children = (
				99594D8C1C23FCE0002660E6 /* WeBusinessTests.m */,
				99594D8E1C23FCE0002660E6 /* Info.plist */,
			);
			path = WeBusinessTests;
			sourceTree = "<group>";
		};
		99594D961C23FCE0002660E6 /* WeBusinessUITests */ = {
			isa = PBXGroup;
			children = (
				99594D971C23FCE0002660E6 /* WeBusinessUITests.m */,
				99594D991C23FCE0002660E6 /* Info.plist */,
			);
			path = WeBusinessUITests;
			sourceTree = "<group>";
		};
		99594DBA1C2403D3002660E6 /* AppDelegate */ = {
			isa = PBXGroup;
			children = (
				99594DBB1C2403D3002660E6 /* AppDelegate.h */,
				99594DBC1C2403D3002660E6 /* AppDelegate.m */,
			);
			path = AppDelegate;
			sourceTree = "<group>";
		};
		99594DBD1C2403D3002660E6 /* Controllers */ = {
			isa = PBXGroup;
			children = (
				99A56AAE1C271EA500D757ED /* Common */,
				99594DC51C2405CE002660E6 /* Customers */,
				99594DC61C2405CE002660E6 /* Goods */,
				99594DC71C2405CE002660E6 /* Orders */,
				99594DC81C2405CE002660E6 /* Setup */,
				99594DBE1C2403D3002660E6 /* Root */,
				991337F51C2A4B8D005483F4 /* QXBaseTableViewController.h */,
				991337F61C2A4B8D005483F4 /* QXBaseTableViewController.m */,
				991338491C2A9D1F005483F4 /* QXBaseViewController.h */,
				9913384A1C2A9D1F005483F4 /* QXBaseViewController.m */,
			);
			path = Controllers;
			sourceTree = "<group>";
		};
		99594DBE1C2403D3002660E6 /* Root */ = {
			isa = PBXGroup;
			children = (
				99594DBF1C2403D3002660E6 /* QXRootViewController.h */,
				99594DC01C2403D3002660E6 /* QXRootViewController.m */,
			);
			path = Root;
			sourceTree = "<group>";
		};
		99594DC51C2405CE002660E6 /* Customers */ = {
			isa = PBXGroup;
			children = (
				99A56A961C27071A00D757ED /* Detail */,
				99A56A991C27071A00D757ED /* Main */,
			);
			path = Customers;
			sourceTree = "<group>";
		};
		99594DC61C2405CE002660E6 /* Goods */ = {
			isa = PBXGroup;
			children = (
				991338481C2A9CB6005483F4 /* ShareGoods */,
				99F34E9E1C28064D00ED54F2 /* Detail */,
				99F34E9F1C28064D00ED54F2 /* Main */,
			);
			path = Goods;
			sourceTree = "<group>";
		};
		99594DC71C2405CE002660E6 /* Orders */ = {
			isa = PBXGroup;
			children = (
				992ED6C41C30E9C100D97A53 /* Detail */,
				992ED6C51C30E9C100D97A53 /* Main */,
			);
			path = Orders;
			sourceTree = "<group>";
		};
		99594DC81C2405CE002660E6 /* Setup */ = {
			isa = PBXGroup;
			children = (
				99594DD21C2406A9002660E6 /* QXSetupMainViewController.h */,
				99594DD31C2406A9002660E6 /* QXSetupMainViewController.m */,
			);
			path = Setup;
			sourceTree = "<group>";
		};
		99594DD51C2407A6002660E6 /* Model */ = {
			isa = PBXGroup;
			children = (
				995373941C2C45C20026119A /* Orders */,
				99F34EA31C28186300ED54F2 /* Goods */,
				99A56AA71C271B0F00D757ED /* Customer */,
				99F26B731C26965C00C66DE1 /* QXBaseModel.h */,
				99F26B741C26965C00C66DE1 /* QXBaseModel.m */,
			);
			path = Model;
			sourceTree = "<group>";
		};
		99A56A961C27071A00D757ED /* Detail */ = {
			isa = PBXGroup;
			children = (
				99A56A971C27071A00D757ED /* QXCustomerDetailViewController.h */,
				99A56A981C27071A00D757ED /* QXCustomerDetailViewController.m */,
				99A56AA11C27161700D757ED /* QXCustomerDetailHeadCell.h */,
				99A56AA21C27161700D757ED /* QXCustomerDetailHeadCell.m */,
			);
			path = Detail;
			sourceTree = "<group>";
		};
		99A56A991C27071A00D757ED /* Main */ = {
			isa = PBXGroup;
			children = (
				99A56A9A1C27071A00D757ED /* QXCustomerMainViewController.h */,
				99A56A9B1C27071A00D757ED /* QXCustomerMainViewController.m */,
				99A56A9E1C27078D00D757ED /* QXCustomerMainCell.h */,
				99A56A9F1C27078D00D757ED /* QXCustomerMainCell.m */,
			);
			path = Main;
			sourceTree = "<group>";
		};
		99A56AA71C271B0F00D757ED /* Customer */ = {
			isa = PBXGroup;
			children = (
				99A56AA81C271B0F00D757ED /* QXCustomerModel+TypeTranslation.h */,
				99A56AA91C271B0F00D757ED /* QXCustomerModel+TypeTranslation.m */,
				99A56AAA1C271B0F00D757ED /* QXCustomerModel.h */,
				99A56AAB1C271B0F00D757ED /* QXCustomerModel.m */,
			);
			path = Customer;
			sourceTree = "<group>";
		};
		99A56AAE1C271EA500D757ED /* Common */ = {
			isa = PBXGroup;
			children = (
				994F533E1C36F55F00F78062 /* ScanCode */,
				99F33BCF1C32537800221102 /* SearchResult */,
				99A56AAF1C271EC600D757ED /* InputString */,
			);
			path = Common;
			sourceTree = "<group>";
		};
		99A56AAF1C271EC600D757ED /* InputString */ = {
			isa = PBXGroup;
			children = (
				99A56AB01C271EE400D757ED /* QXInputStringViewController.h */,
				99A56AB11C271EE400D757ED /* QXInputStringViewController.m */,
			);
			path = InputString;
			sourceTree = "<group>";
		};
		99E7EC831C2978C600DE6AE1 /* Category */ = {
			isa = PBXGroup;
			children = (
				991337F91C2A509B005483F4 /* UIImage+Utils.h */,
				991337FA1C2A509B005483F4 /* UIImage+Utils.m */,
				9920FFDA1C2F00BC004AAD89 /* NSDate+Utils.h */,
				9920FFDB1C2F00BC004AAD89 /* NSDate+Utils.m */,
			);
			path = Category;
			sourceTree = "<group>";
		};
		99F26B4D1C267C6900C66DE1 /* ThirdParty */ = {
			isa = PBXGroup;
			children = (
				99F26B4E1C267CA400C66DE1 /* FMDB */,
			);
			path = ThirdParty;
			sourceTree = "<group>";
		};
		99F26B4E1C267CA400C66DE1 /* FMDB */ = {
			isa = PBXGroup;
			children = (
				99F26B4F1C267CA400C66DE1 /* FMDatabase.h */,
				99F26B501C267CA400C66DE1 /* FMDatabase.m */,
				99F26B511C267CA400C66DE1 /* FMDatabaseAdditions.h */,
				99F26B521C267CA400C66DE1 /* FMDatabaseAdditions.m */,
				99F26B531C267CA400C66DE1 /* FMDatabasePool.h */,
				99F26B541C267CA400C66DE1 /* FMDatabasePool.m */,
				99F26B551C267CA400C66DE1 /* FMDatabaseQueue.h */,
				99F26B561C267CA400C66DE1 /* FMDatabaseQueue.m */,
				99F26B571C267CA400C66DE1 /* FMDB.h */,
				99F26B581C267CA400C66DE1 /* FMResultSet.h */,
				99F26B591C267CA400C66DE1 /* FMResultSet.m */,
			);
			path = FMDB;
			sourceTree = "<group>";
		};
		99F26B611C267E7200C66DE1 /* Utility */ = {
			isa = PBXGroup;
			children = (
				991338211C2A789E005483F4 /* ImageCompress */,
				9913381D1C2A6E34005483F4 /* Cache */,
				99E7EC831C2978C600DE6AE1 /* Category */,
				99F26B691C26809C00C66DE1 /* FileUitl */,
				99F26B651C267F3600C66DE1 /* SQLiteHelper */,
			);
			path = Utility;
			sourceTree = "<group>";
		};
		99F26B641C267EE700C66DE1 /* Framework */ = {
			isa = PBXGroup;
			children = (
				994F53421C36F58400F78062 /* AVFoundation.framework */,
				991338181C2A5686005483F4 /* AssetsLibrary.framework */,
				99F26B621C267EA300C66DE1 /* libsqlite3.tbd */,
			);
			path = Framework;
			sourceTree = "<group>";
		};
		99F26B651C267F3600C66DE1 /* SQLiteHelper */ = {
			isa = PBXGroup;
			children = (
				99F26B661C267F6500C66DE1 /* QXSQLiteHelper.h */,
				99F26B671C267F6500C66DE1 /* QXSQLiteHelper.m */,
			);
			path = SQLiteHelper;
			sourceTree = "<group>";
		};
		99F26B691C26809C00C66DE1 /* FileUitl */ = {
			isa = PBXGroup;
			children = (
				99F26B6A1C2680AC00C66DE1 /* QXFileUtil.h */,
				99F26B6B1C2680AC00C66DE1 /* QXFileUtil.m */,
			);
			path = FileUitl;
			sourceTree = "<group>";
		};
		99F33BCF1C32537800221102 /* SearchResult */ = {
			isa = PBXGroup;
			children = (
				99F33BD01C32539F00221102 /* QXSearchResultViewController.h */,
				99F33BD11C32539F00221102 /* QXSearchResultViewController.m */,
			);
			path = SearchResult;
			sourceTree = "<group>";
		};
		99F34E9E1C28064D00ED54F2 /* Detail */ = {
			isa = PBXGroup;
			children = (
				997D33111C287C4500C7EABB /* QXGoodsDetailViewController.h */,
				997D33121C287C4500C7EABB /* QXGoodsDetailViewController.m */,
				99F79F701C29BB8C00B1492F /* QXGoodsDetailTextCell.h */,
				99F79F711C29BB8C00B1492F /* QXGoodsDetailTextCell.m */,
				99F79F691C29AFC500B1492F /* QXGoodsDetailTableViewHeaderView.h */,
				99F79F6A1C29AFC500B1492F /* QXGoodsDetailTableViewHeaderView.m */,
				99F79F6C1C29B38F00B1492F /* QXGoodsDetailImageItemCell.h */,
				99F79F6D1C29B38F00B1492F /* QXGoodsDetailImageItemCell.m */,
			);
			path = Detail;
			sourceTree = "<group>";
		};
		99F34E9F1C28064D00ED54F2 /* Main */ = {
			isa = PBXGroup;
			children = (
				99F34EA01C28064D00ED54F2 /* QXGoodsMainViewController.h */,
				99F34EA11C28064D00ED54F2 /* QXGoodsMainViewController.m */,
				997D330E1C286DD500C7EABB /* QXGoodsMainCell.h */,
				9913381A1C2A56FA005483F4 /* QXGoodsMainCell.m */,
				99E78A691C2B076700D64A46 /* QXGoodsMainMoreView.h */,
				99E78A6A1C2B076700D64A46 /* QXGoodsMainMoreView.m */,
			);
			path = Main;
			sourceTree = "<group>";
		};
		99F34EA31C28186300ED54F2 /* Goods */ = {
			isa = PBXGroup;
			children = (
				99F34EA41C28189500ED54F2 /* QXGoodsModel.h */,
				99F34EA51C28189500ED54F2 /* QXGoodsModel.m */,
				997D33141C287CBA00C7EABB /* QXGoodsModel+Utils.h */,
				997D33151C287CBA00C7EABB /* QXGoodsModel+Utils.m */,
			);
			path = Goods;
			sourceTree = "<group>";
		};
/* End PBXGroup section */

/* Begin PBXNativeTarget section */
		99594D6E1C23FCE0002660E6 /* WeBusiness */ = {
			isa = PBXNativeTarget;
			buildConfigurationList = 99594D9C1C23FCE0002660E6 /* Build configuration list for PBXNativeTarget "WeBusiness" */;
			buildPhases = (
				99594D6B1C23FCE0002660E6 /* Sources */,
				99594D6C1C23FCE0002660E6 /* Frameworks */,
				99594D6D1C23FCE0002660E6 /* Resources */,
			);
			buildRules = (
			);
			dependencies = (
			);
			name = WeBusiness;
			productName = WeBusiness;
			productReference = 99594D6F1C23FCE0002660E6 /* WeBusiness.app */;
			productType = "com.apple.product-type.application";
		};
		99594D871C23FCE0002660E6 /* WeBusinessTests */ = {
			isa = PBXNativeTarget;
			buildConfigurationList = 99594D9F1C23FCE0002660E6 /* Build configuration list for PBXNativeTarget "WeBusinessTests" */;
			buildPhases = (
				99594D841C23FCE0002660E6 /* Sources */,
				99594D851C23FCE0002660E6 /* Frameworks */,
				99594D861C23FCE0002660E6 /* Resources */,
			);
			buildRules = (
			);
			dependencies = (
				99594D8A1C23FCE0002660E6 /* PBXTargetDependency */,
			);
			name = WeBusinessTests;
			productName = WeBusinessTests;
			productReference = 99594D881C23FCE0002660E6 /* WeBusinessTests.xctest */;
			productType = "com.apple.product-type.bundle.unit-test";
		};
		99594D921C23FCE0002660E6 /* WeBusinessUITests */ = {
			isa = PBXNativeTarget;
			buildConfigurationList = 99594DA21C23FCE0002660E6 /* Build configuration list for PBXNativeTarget "WeBusinessUITests" */;
			buildPhases = (
				99594D8F1C23FCE0002660E6 /* Sources */,
				99594D901C23FCE0002660E6 /* Frameworks */,
				99594D911C23FCE0002660E6 /* Resources */,
			);
			buildRules = (
			);
			dependencies = (
				99594D951C23FCE0002660E6 /* PBXTargetDependency */,
			);
			name = WeBusinessUITests;
			productName = WeBusinessUITests;
			productReference = 99594D931C23FCE0002660E6 /* WeBusinessUITests.xctest */;
			productType = "com.apple.product-type.bundle.ui-testing";
		};
/* End PBXNativeTarget section */

/* Begin PBXProject section */
		99594D671C23FCE0002660E6 /* Project object */ = {
			isa = PBXProject;
			attributes = {
				LastUpgradeCheck = 0720;
				ORGANIZATIONNAME = "亓鑫";
				TargetAttributes = {
					99594D6E1C23FCE0002660E6 = {
						CreatedOnToolsVersion = 7.2;
					};
					99594D871C23FCE0002660E6 = {
						CreatedOnToolsVersion = 7.2;
						TestTargetID = 99594D6E1C23FCE0002660E6;
					};
					99594D921C23FCE0002660E6 = {
						CreatedOnToolsVersion = 7.2;
						TestTargetID = 99594D6E1C23FCE0002660E6;
					};
				};
			};
			buildConfigurationList = 99594D6A1C23FCE0002660E6 /* Build configuration list for PBXProject "WeBusiness" */;
			compatibilityVersion = "Xcode 3.2";
			developmentRegion = English;
			hasScannedForEncodings = 0;
			knownRegions = (
				"zh-Hans",
			);
			mainGroup = 99594D661C23FCE0002660E6;
			productRefGroup = 99594D701C23FCE0002660E6 /* Products */;
			projectDirPath = "";
			projectRoot = "";
			targets = (
				99594D6E1C23FCE0002660E6 /* WeBusiness */,
				99594D871C23FCE0002660E6 /* WeBusinessTests */,
				99594D921C23FCE0002660E6 /* WeBusinessUITests */,
			);
		};
/* End PBXProject section */

/* Begin PBXResourcesBuildPhase section */
		99594D6D1C23FCE0002660E6 /* Resources */ = {
			isa = PBXResourcesBuildPhase;
			buildActionMask = 2147483647;
			files = (
				99EC845E1C350A330007BE77 /* QXOrderDetailMoreView.xib in Resources */,
				99594D821C23FCE0002660E6 /* LaunchScreen.storyboard in Resources */,
				992ED6DF1C312E1500D97A53 /* QXOrderDetailFooterView.xib in Resources */,
				994F534A1C36FF4700F78062 /* Assets.xcassets in Resources */,
				994F534B1C36FF4700F78062 /* scan.wav in Resources */,
				992ED6D91C3109C100D97A53 /* QXOrderDetailHeadView.xib in Resources */,
			);
			runOnlyForDeploymentPostprocessing = 0;
		};
		99594D861C23FCE0002660E6 /* Resources */ = {
			isa = PBXResourcesBuildPhase;
			buildActionMask = 2147483647;
			files = (
			);
			runOnlyForDeploymentPostprocessing = 0;
		};
		99594D911C23FCE0002660E6 /* Resources */ = {
			isa = PBXResourcesBuildPhase;
			buildActionMask = 2147483647;
			files = (
			);
			runOnlyForDeploymentPostprocessing = 0;
		};
/* End PBXResourcesBuildPhase section */

/* Begin PBXSourcesBuildPhase section */
		99594D6B1C23FCE0002660E6 /* Sources */ = {
			isa = PBXSourcesBuildPhase;
			buildActionMask = 2147483647;
			files = (
				99A56AAD1C271B0F00D757ED /* QXCustomerModel.m in Sources */,
				992ED6CE1C30E9C100D97A53 /* QXOrderFooterView.m in Sources */,
				991338201C2A6E4B005483F4 /* QXImageCache.m in Sources */,
				99F34EA21C28064D00ED54F2 /* QXGoodsMainViewController.m in Sources */,
				9913384E1C2A9E62005483F4 /* QXShareViewController.m in Sources */,
				99A56A9C1C27071A00D757ED /* QXCustomerDetailViewController.m in Sources */,
				992ED6DD1C312DEA00D97A53 /* QXOrderDetailFooterView.m in Sources */,
				9913384B1C2A9D1F005483F4 /* QXBaseViewController.m in Sources */,
				99F34EA61C28189500ED54F2 /* QXGoodsModel.m in Sources */,
				99F33BD21C32539F00221102 /* QXSearchResultViewController.m in Sources */,
				995373971C2C45D50026119A /* QXOrderModel.m in Sources */,
				991337FB1C2A509B005483F4 /* UIImage+Utils.m in Sources */,
				991338241C2A78DD005483F4 /* QXImageCompressUtil.m in Sources */,
				994F53411C36F57700F78062 /* QXScanCodeViewController.m in Sources */,
				99594DC11C2403D3002660E6 /* AppDelegate.m in Sources */,
				9913381B1C2A56FA005483F4 /* QXGoodsMainCell.m in Sources */,
				99594D741C23FCE0002660E6 /* main.m in Sources */,
				99594DC21C2403D3002660E6 /* QXRootViewController.m in Sources */,
				99F79F6E1C29B38F00B1492F /* QXGoodsDetailImageItemCell.m in Sources */,
				992ED6D01C30E9C100D97A53 /* QXOrderMainCell.m in Sources */,
				992ED6D41C30EAB700D97A53 /* QXOrderDetailViewController.m in Sources */,
				997D33161C287CBA00C7EABB /* QXGoodsModel+Utils.m in Sources */,
				99F26B681C267F6500C66DE1 /* QXSQLiteHelper.m in Sources */,
				99A56AB21C271EE400D757ED /* QXInputStringViewController.m in Sources */,
				992ED6D71C30F1FA00D97A53 /* QXOrderDetailHeadView.m in Sources */,
				99F26B6C1C2680AC00C66DE1 /* QXFileUtil.m in Sources */,
				99F26B5B1C267CA400C66DE1 /* FMDatabaseAdditions.m in Sources */,
				99F79F6B1C29AFC500B1492F /* QXGoodsDetailTableViewHeaderView.m in Sources */,
				9926C9C41C31AAA00071F125 /* QXOrderDetailMoreView.m in Sources */,
				99A56AAC1C271B0F00D757ED /* QXCustomerModel+TypeTranslation.m in Sources */,
				99F26B751C26965C00C66DE1 /* QXBaseModel.m in Sources */,
				992ED6CF1C30E9C100D97A53 /* QXOrderHeaderView.m in Sources */,
				991337F71C2A4B8D005483F4 /* QXBaseTableViewController.m in Sources */,
				997D33131C287C4500C7EABB /* QXGoodsDetailViewController.m in Sources */,
				99F26B5E1C267CA400C66DE1 /* FMResultSet.m in Sources */,
				99A56AA01C27078D00D757ED /* QXCustomerMainCell.m in Sources */,
				992ED6D11C30E9C100D97A53 /* QXOrderMainViewController.m in Sources */,
				99A56A9D1C27071A00D757ED /* QXCustomerMainViewController.m in Sources */,
				992ED6E21C313EF700D97A53 /* QXOrderDetailCell.m in Sources */,
				99A56AA31C27161700D757ED /* QXCustomerDetailHeadCell.m in Sources */,
				9920FFDC1C2F00BC004AAD89 /* NSDate+Utils.m in Sources */,
				99F79F721C29BB8C00B1492F /* QXGoodsDetailTextCell.m in Sources */,
				99CF141C1C2CF3EC00CF3517 /* QXOrderGoodsModel.m in Sources */,
				99594DD41C2406A9002660E6 /* QXSetupMainViewController.m in Sources */,
				99E78A6B1C2B076700D64A46 /* QXGoodsMainMoreView.m in Sources */,
				99F26B5C1C267CA400C66DE1 /* FMDatabasePool.m in Sources */,
				99F26B5D1C267CA400C66DE1 /* FMDatabaseQueue.m in Sources */,
				99F26B5A1C267CA400C66DE1 /* FMDatabase.m in Sources */,
			);
			runOnlyForDeploymentPostprocessing = 0;
		};
		99594D841C23FCE0002660E6 /* Sources */ = {
			isa = PBXSourcesBuildPhase;
			buildActionMask = 2147483647;
			files = (
				99594D8D1C23FCE0002660E6 /* WeBusinessTests.m in Sources */,
			);
			runOnlyForDeploymentPostprocessing = 0;
		};
		99594D8F1C23FCE0002660E6 /* Sources */ = {
			isa = PBXSourcesBuildPhase;
			buildActionMask = 2147483647;
			files = (
				99594D981C23FCE0002660E6 /* WeBusinessUITests.m in Sources */,
			);
			runOnlyForDeploymentPostprocessing = 0;
		};
/* End PBXSourcesBuildPhase section */

/* Begin PBXTargetDependency section */
		99594D8A1C23FCE0002660E6 /* PBXTargetDependency */ = {
			isa = PBXTargetDependency;
			target = 99594D6E1C23FCE0002660E6 /* WeBusiness */;
			targetProxy = 99594D891C23FCE0002660E6 /* PBXContainerItemProxy */;
		};
		99594D951C23FCE0002660E6 /* PBXTargetDependency */ = {
			isa = PBXTargetDependency;
			target = 99594D6E1C23FCE0002660E6 /* WeBusiness */;
			targetProxy = 99594D941C23FCE0002660E6 /* PBXContainerItemProxy */;
		};
/* End PBXTargetDependency section */

/* Begin PBXVariantGroup section */
		99594D801C23FCE0002660E6 /* LaunchScreen.storyboard */ = {
			isa = PBXVariantGroup;
			children = (
				99594DC41C2404E0002660E6 /* zh-Hans */,
			);
			name = LaunchScreen.storyboard;
			sourceTree = "<group>";
		};
/* End PBXVariantGroup section */

/* Begin XCBuildConfiguration section */
		99594D9A1C23FCE0002660E6 /* Debug */ = {
			isa = XCBuildConfiguration;
			buildSettings = {
				ALWAYS_SEARCH_USER_PATHS = NO;
				CLANG_CXX_LANGUAGE_STANDARD = "gnu++0x";
				CLANG_CXX_LIBRARY = "libc++";
				CLANG_ENABLE_MODULES = YES;
				CLANG_ENABLE_OBJC_ARC = YES;
				CLANG_WARN_BOOL_CONVERSION = YES;
				CLANG_WARN_CONSTANT_CONVERSION = YES;
				CLANG_WARN_DIRECT_OBJC_ISA_USAGE = YES_ERROR;
				CLANG_WARN_EMPTY_BODY = YES;
				CLANG_WARN_ENUM_CONVERSION = YES;
				CLANG_WARN_INT_CONVERSION = YES;
				CLANG_WARN_OBJC_ROOT_CLASS = YES_ERROR;
				CLANG_WARN_UNREACHABLE_CODE = YES;
				CLANG_WARN__DUPLICATE_METHOD_MATCH = YES;
				"CODE_SIGN_IDENTITY[sdk=iphoneos*]" = "iPhone Developer";
				COPY_PHASE_STRIP = NO;
				DEBUG_INFORMATION_FORMAT = dwarf;
				ENABLE_STRICT_OBJC_MSGSEND = YES;
				ENABLE_TESTABILITY = YES;
				GCC_C_LANGUAGE_STANDARD = gnu99;
				GCC_DYNAMIC_NO_PIC = NO;
				GCC_NO_COMMON_BLOCKS = YES;
				GCC_OPTIMIZATION_LEVEL = 0;
				GCC_PREPROCESSOR_DEFINITIONS = (
					"DEBUG=1",
					"$(inherited)",
				);
				GCC_WARN_64_TO_32_BIT_CONVERSION = YES;
				GCC_WARN_ABOUT_RETURN_TYPE = YES_ERROR;
				GCC_WARN_UNDECLARED_SELECTOR = YES;
				GCC_WARN_UNINITIALIZED_AUTOS = YES_AGGRESSIVE;
				GCC_WARN_UNUSED_FUNCTION = YES;
				GCC_WARN_UNUSED_VARIABLE = YES;
				IPHONEOS_DEPLOYMENT_TARGET = 9.0;
				MTL_ENABLE_DEBUG_INFO = YES;
				ONLY_ACTIVE_ARCH = YES;
				SDKROOT = iphoneos;
			};
			name = Debug;
		};
		99594D9B1C23FCE0002660E6 /* Release */ = {
			isa = XCBuildConfiguration;
			buildSettings = {
				ALWAYS_SEARCH_USER_PATHS = NO;
				CLANG_CXX_LANGUAGE_STANDARD = "gnu++0x";
				CLANG_CXX_LIBRARY = "libc++";
				CLANG_ENABLE_MODULES = YES;
				CLANG_ENABLE_OBJC_ARC = YES;
				CLANG_WARN_BOOL_CONVERSION = YES;
				CLANG_WARN_CONSTANT_CONVERSION = YES;
				CLANG_WARN_DIRECT_OBJC_ISA_USAGE = YES_ERROR;
				CLANG_WARN_EMPTY_BODY = YES;
				CLANG_WARN_ENUM_CONVERSION = YES;
				CLANG_WARN_INT_CONVERSION = YES;
				CLANG_WARN_OBJC_ROOT_CLASS = YES_ERROR;
				CLANG_WARN_UNREACHABLE_CODE = YES;
				CLANG_WARN__DUPLICATE_METHOD_MATCH = YES;
				"CODE_SIGN_IDENTITY[sdk=iphoneos*]" = "iPhone Developer";
				COPY_PHASE_STRIP = NO;
				DEBUG_INFORMATION_FORMAT = "dwarf-with-dsym";
				ENABLE_NS_ASSERTIONS = NO;
				ENABLE_STRICT_OBJC_MSGSEND = YES;
				GCC_C_LANGUAGE_STANDARD = gnu99;
				GCC_NO_COMMON_BLOCKS = YES;
				GCC_WARN_64_TO_32_BIT_CONVERSION = YES;
				GCC_WARN_ABOUT_RETURN_TYPE = YES_ERROR;
				GCC_WARN_UNDECLARED_SELECTOR = YES;
				GCC_WARN_UNINITIALIZED_AUTOS = YES_AGGRESSIVE;
				GCC_WARN_UNUSED_FUNCTION = YES;
				GCC_WARN_UNUSED_VARIABLE = YES;
				IPHONEOS_DEPLOYMENT_TARGET = 9.0;
				MTL_ENABLE_DEBUG_INFO = NO;
				SDKROOT = iphoneos;
				VALIDATE_PRODUCT = YES;
			};
			name = Release;
		};
		99594D9D1C23FCE0002660E6 /* Debug */ = {
			isa = XCBuildConfiguration;
			buildSettings = {
				ASSETCATALOG_COMPILER_APPICON_NAME = AppIcon;
				CODE_SIGN_IDENTITY = "iPhone Developer";
				GCC_PREFIX_HEADER = "$(PROJECT_DIR)/WeBusiness/PrefixHeader.pch";
				INFOPLIST_FILE = WeBusiness/Info.plist;
				IPHONEOS_DEPLOYMENT_TARGET = 8.0;
				LD_RUNPATH_SEARCH_PATHS = "$(inherited) @executable_path/Frameworks";
				PRODUCT_BUNDLE_IDENTIFIER = com.qixin.WeBusiness;
				PRODUCT_NAME = "$(TARGET_NAME)";
			};
			name = Debug;
		};
		99594D9E1C23FCE0002660E6 /* Release */ = {
			isa = XCBuildConfiguration;
			buildSettings = {
				ASSETCATALOG_COMPILER_APPICON_NAME = AppIcon;
				CODE_SIGN_IDENTITY = "iPhone Developer";
				GCC_PREFIX_HEADER = "$(PROJECT_DIR)/WeBusiness/PrefixHeader.pch";
				INFOPLIST_FILE = WeBusiness/Info.plist;
				IPHONEOS_DEPLOYMENT_TARGET = 8.0;
				LD_RUNPATH_SEARCH_PATHS = "$(inherited) @executable_path/Frameworks";
				PRODUCT_BUNDLE_IDENTIFIER = com.qixin.WeBusiness;
				PRODUCT_NAME = "$(TARGET_NAME)";
			};
			name = Release;
		};
		99594DA01C23FCE0002660E6 /* Debug */ = {
			isa = XCBuildConfiguration;
			buildSettings = {
				BUNDLE_LOADER = "$(TEST_HOST)";
				INFOPLIST_FILE = WeBusinessTests/Info.plist;
				LD_RUNPATH_SEARCH_PATHS = "$(inherited) @executable_path/Frameworks @loader_path/Frameworks";
				PRODUCT_BUNDLE_IDENTIFIER = com.qixin.WeBusinessTests;
				PRODUCT_NAME = "$(TARGET_NAME)";
				TEST_HOST = "$(BUILT_PRODUCTS_DIR)/WeBusiness.app/WeBusiness";
			};
			name = Debug;
		};
		99594DA11C23FCE0002660E6 /* Release */ = {
			isa = XCBuildConfiguration;
			buildSettings = {
				BUNDLE_LOADER = "$(TEST_HOST)";
				INFOPLIST_FILE = WeBusinessTests/Info.plist;
				LD_RUNPATH_SEARCH_PATHS = "$(inherited) @executable_path/Frameworks @loader_path/Frameworks";
				PRODUCT_BUNDLE_IDENTIFIER = com.qixin.WeBusinessTests;
				PRODUCT_NAME = "$(TARGET_NAME)";
				TEST_HOST = "$(BUILT_PRODUCTS_DIR)/WeBusiness.app/WeBusiness";
			};
			name = Release;
		};
		99594DA31C23FCE0002660E6 /* Debug */ = {
			isa = XCBuildConfiguration;
			buildSettings = {
				INFOPLIST_FILE = WeBusinessUITests/Info.plist;
				LD_RUNPATH_SEARCH_PATHS = "$(inherited) @executable_path/Frameworks @loader_path/Frameworks";
				PRODUCT_BUNDLE_IDENTIFIER = com.qixin.WeBusinessUITests;
				PRODUCT_NAME = "$(TARGET_NAME)";
				TEST_TARGET_NAME = WeBusiness;
				USES_XCTRUNNER = YES;
			};
			name = Debug;
		};
		99594DA41C23FCE0002660E6 /* Release */ = {
			isa = XCBuildConfiguration;
			buildSettings = {
				INFOPLIST_FILE = WeBusinessUITests/Info.plist;
				LD_RUNPATH_SEARCH_PATHS = "$(inherited) @executable_path/Frameworks @loader_path/Frameworks";
				PRODUCT_BUNDLE_IDENTIFIER = com.qixin.WeBusinessUITests;
				PRODUCT_NAME = "$(TARGET_NAME)";
				TEST_TARGET_NAME = WeBusiness;
				USES_XCTRUNNER = YES;
			};
			name = Release;
		};
/* End XCBuildConfiguration section */

/* Begin XCConfigurationList section */
		99594D6A1C23FCE0002660E6 /* Build configuration list for PBXProject "WeBusiness" */ = {
			isa = XCConfigurationList;
			buildConfigurations = (
				99594D9A1C23FCE0002660E6 /* Debug */,
				99594D9B1C23FCE0002660E6 /* Release */,
			);
			defaultConfigurationIsVisible = 0;
			defaultConfigurationName = Release;
		};
		99594D9C1C23FCE0002660E6 /* Build configuration list for PBXNativeTarget "WeBusiness" */ = {
			isa = XCConfigurationList;
			buildConfigurations = (
				99594D9D1C23FCE0002660E6 /* Debug */,
				99594D9E1C23FCE0002660E6 /* Release */,
			);
			defaultConfigurationIsVisible = 0;
			defaultConfigurationName = Release;
		};
		99594D9F1C23FCE0002660E6 /* Build configuration list for PBXNativeTarget "WeBusinessTests" */ = {
			isa = XCConfigurationList;
			buildConfigurations = (
				99594DA01C23FCE0002660E6 /* Debug */,
				99594DA11C23FCE0002660E6 /* Release */,
			);
			defaultConfigurationIsVisible = 0;
			defaultConfigurationName = Release;
		};
		99594DA21C23FCE0002660E6 /* Build configuration list for PBXNativeTarget "WeBusinessUITests" */ = {
			isa = XCConfigurationList;
			buildConfigurations = (
				99594DA31C23FCE0002660E6 /* Debug */,
				99594DA41C23FCE0002660E6 /* Release */,
			);
			defaultConfigurationIsVisible = 0;
			defaultConfigurationName = Release;
		};
/* End XCConfigurationList section */
	};
	rootObject = 99594D671C23FCE0002660E6 /* Project object */;
}
